// !$*UTF8*$!
{
	archiveVersion = 1;
	classes = {
	};
	objectVersion = 48;
	objects = {

/* Begin PBXBuildFile section */
		FC11F0F81DE74BAA008A9232 /* BuscarViewController.swift in Sources */ = {isa = PBXBuildFile; fileRef = FC11F0F71DE74BAA008A9232 /* BuscarViewController.swift */; };
		FC207C001D98247400AC15F2 /* Assets.xcassets in Resources */ = {isa = PBXBuildFile; fileRef = FC207BFF1D98247400AC15F2 /* Assets.xcassets */; };
		FC226B551DA0F7D500905277 /* Functions.swift in Sources */ = {isa = PBXBuildFile; fileRef = FC226B541DA0F7D500905277 /* Functions.swift */; };
		FC25E97E1E00EF4800F803B0 /* LlamadaViewController.swift in Sources */ = {isa = PBXBuildFile; fileRef = FC25E97D1E00EF4800F803B0 /* LlamadaViewController.swift */; };
		FC25E9801E013BB000F803B0 /* ConfiguracionViewController.swift in Sources */ = {isa = PBXBuildFile; fileRef = FC25E97F1E013BB000F803B0 /* ConfiguracionViewController.swift */; };
		FC2898421D9C78E7007212B9 /* RegistroViewController.swift in Sources */ = {isa = PBXBuildFile; fileRef = FC2898411D9C78E7007212B9 /* RegistroViewController.swift */; };
		FC2CA1891DEB616900EAD96A /* TelefonosCorreosViewController.swift in Sources */ = {isa = PBXBuildFile; fileRef = FC2CA1881DEB616900EAD96A /* TelefonosCorreosViewController.swift */; };
		FC5A66931DA5810C00A62D26 /* CalendarioController.swift in Sources */ = {isa = PBXBuildFile; fileRef = FC5A66921DA5810C00A62D26 /* CalendarioController.swift */; };
		FC5A67801DA6FA4100A62D26 /* CVCalendarContentViewController.swift in Sources */ = {isa = PBXBuildFile; fileRef = FC5A67631DA6FA4100A62D26 /* CVCalendarContentViewController.swift */; };
		FC5A67811DA6FA4100A62D26 /* CVCalendarDayView.swift in Sources */ = {isa = PBXBuildFile; fileRef = FC5A67641DA6FA4100A62D26 /* CVCalendarDayView.swift */; };
		FC5A67821DA6FA4100A62D26 /* CVCalendarDayViewControlCoordinator.swift in Sources */ = {isa = PBXBuildFile; fileRef = FC5A67651DA6FA4100A62D26 /* CVCalendarDayViewControlCoordinator.swift */; };
		FC5A67831DA6FA4100A62D26 /* CVCalendarManager.swift in Sources */ = {isa = PBXBuildFile; fileRef = FC5A67661DA6FA4100A62D26 /* CVCalendarManager.swift */; };
		FC5A67841DA6FA4100A62D26 /* CVCalendarMenuView.swift in Sources */ = {isa = PBXBuildFile; fileRef = FC5A67671DA6FA4100A62D26 /* CVCalendarMenuView.swift */; };
		FC5A67851DA6FA4100A62D26 /* CVCalendarMenuViewDelegate.swift in Sources */ = {isa = PBXBuildFile; fileRef = FC5A67681DA6FA4100A62D26 /* CVCalendarMenuViewDelegate.swift */; };
		FC5A67861DA6FA4100A62D26 /* CVCalendarMonthContentViewController.swift in Sources */ = {isa = PBXBuildFile; fileRef = FC5A67691DA6FA4100A62D26 /* CVCalendarMonthContentViewController.swift */; };
		FC5A67871DA6FA4100A62D26 /* CVCalendarMonthView.swift in Sources */ = {isa = PBXBuildFile; fileRef = FC5A676A1DA6FA4100A62D26 /* CVCalendarMonthView.swift */; };
		FC5A67881DA6FA4100A62D26 /* CVCalendarTouchController.swift in Sources */ = {isa = PBXBuildFile; fileRef = FC5A676B1DA6FA4100A62D26 /* CVCalendarTouchController.swift */; };
		FC5A67891DA6FA4100A62D26 /* CVCalendarView.swift in Sources */ = {isa = PBXBuildFile; fileRef = FC5A676C1DA6FA4100A62D26 /* CVCalendarView.swift */; };
		FC5A678A1DA6FA4100A62D26 /* CVCalendarViewAnimator.swift in Sources */ = {isa = PBXBuildFile; fileRef = FC5A676D1DA6FA4100A62D26 /* CVCalendarViewAnimator.swift */; };
		FC5A678B1DA6FA4100A62D26 /* CVCalendarViewAnimatorDelegate.swift in Sources */ = {isa = PBXBuildFile; fileRef = FC5A676E1DA6FA4100A62D26 /* CVCalendarViewAnimatorDelegate.swift */; };
		FC5A678C1DA6FA4100A62D26 /* CVCalendarViewAppearance.swift in Sources */ = {isa = PBXBuildFile; fileRef = FC5A676F1DA6FA4100A62D26 /* CVCalendarViewAppearance.swift */; };
		FC5A678D1DA6FA4100A62D26 /* CVCalendarViewAppearanceDelegate.swift in Sources */ = {isa = PBXBuildFile; fileRef = FC5A67701DA6FA4100A62D26 /* CVCalendarViewAppearanceDelegate.swift */; };
		FC5A678E1DA6FA4100A62D26 /* CVCalendarViewDelegate.swift in Sources */ = {isa = PBXBuildFile; fileRef = FC5A67711DA6FA4100A62D26 /* CVCalendarViewDelegate.swift */; };
		FC5A678F1DA6FA4100A62D26 /* CVCalendarViewPresentationMode.swift in Sources */ = {isa = PBXBuildFile; fileRef = FC5A67721DA6FA4100A62D26 /* CVCalendarViewPresentationMode.swift */; };
		FC5A67901DA6FA4100A62D26 /* CVCalendarWeekContentViewController.swift in Sources */ = {isa = PBXBuildFile; fileRef = FC5A67731DA6FA4100A62D26 /* CVCalendarWeekContentViewController.swift */; };
		FC5A67911DA6FA4100A62D26 /* CVCalendarWeekday.swift in Sources */ = {isa = PBXBuildFile; fileRef = FC5A67741DA6FA4100A62D26 /* CVCalendarWeekday.swift */; };
		FC5A67921DA6FA4100A62D26 /* CVCalendarWeekView.swift in Sources */ = {isa = PBXBuildFile; fileRef = FC5A67751DA6FA4100A62D26 /* CVCalendarWeekView.swift */; };
		FC5A67931DA6FA4100A62D26 /* CVDate.swift in Sources */ = {isa = PBXBuildFile; fileRef = FC5A67761DA6FA4100A62D26 /* CVDate.swift */; };
		FC5A67941DA6FA4100A62D26 /* CVPresent.swift in Sources */ = {isa = PBXBuildFile; fileRef = FC5A67771DA6FA4100A62D26 /* CVPresent.swift */; };
		FC5A67951DA6FA4100A62D26 /* CVRange.swift in Sources */ = {isa = PBXBuildFile; fileRef = FC5A67781DA6FA4100A62D26 /* CVRange.swift */; };
		FC5A67961DA6FA4100A62D26 /* CVScrollDirection.swift in Sources */ = {isa = PBXBuildFile; fileRef = FC5A67791DA6FA4100A62D26 /* CVScrollDirection.swift */; };
		FC5A67971DA6FA4100A62D26 /* CVSelectionType.swift in Sources */ = {isa = PBXBuildFile; fileRef = FC5A677A1DA6FA4100A62D26 /* CVSelectionType.swift */; };
		FC5A67981DA6FA4100A62D26 /* CVSet.swift in Sources */ = {isa = PBXBuildFile; fileRef = FC5A677B1DA6FA4100A62D26 /* CVSet.swift */; };
		FC5A67991DA6FA4100A62D26 /* CVShape.swift in Sources */ = {isa = PBXBuildFile; fileRef = FC5A677C1DA6FA4100A62D26 /* CVShape.swift */; };
		FC5A679A1DA6FA4100A62D26 /* CVStatus.swift in Sources */ = {isa = PBXBuildFile; fileRef = FC5A677D1DA6FA4100A62D26 /* CVStatus.swift */; };
		FC5A679B1DA6FA4100A62D26 /* CVWeekdaySymbolType.swift in Sources */ = {isa = PBXBuildFile; fileRef = FC5A677E1DA6FA4100A62D26 /* CVWeekdaySymbolType.swift */; };
		FC5DCB771DB8091E00361ED4 /* libsqlite3.tbd in Frameworks */ = {isa = PBXBuildFile; fileRef = FC722DA71DAFFB9200A39926 /* libsqlite3.tbd */; };
		FC5DCB791DB8450300361ED4 /* MainTabBarController.swift in Sources */ = {isa = PBXBuildFile; fileRef = FC5DCB781DB8450300361ED4 /* MainTabBarController.swift */; };
		FC5DCB831DC01E2A00361ED4 /* ClientesViewController.swift in Sources */ = {isa = PBXBuildFile; fileRef = FC5DCB821DC01E2A00361ED4 /* ClientesViewController.swift */; };
		FC5DCB851DC0946F00361ED4 /* ReferidosViewController.swift in Sources */ = {isa = PBXBuildFile; fileRef = FC5DCB841DC0946F00361ED4 /* ReferidosViewController.swift */; };
		FC5E81DF1E1D3B8600C13B7C /* SegurosViewController.swift in Sources */ = {isa = PBXBuildFile; fileRef = FC5E81DE1E1D3B8600C13B7C /* SegurosViewController.swift */; };
		FC6DD81E1DC3C76500D46AA1 /* ClienteViewController.swift in Sources */ = {isa = PBXBuildFile; fileRef = FC6DD81D1DC3C76500D46AA1 /* ClienteViewController.swift */; };
		FC6DD8201DC3C78900D46AA1 /* ReferidoViewController.swift in Sources */ = {isa = PBXBuildFile; fileRef = FC6DD81F1DC3C78900D46AA1 /* ReferidoViewController.swift */; };
		FC70B42B1D7F7ECC00728E8A /* AppDelegate.swift in Sources */ = {isa = PBXBuildFile; fileRef = FC70B42A1D7F7ECC00728E8A /* AppDelegate.swift */; };
		FC722DB71DB00B2B00A39926 /* FMDatabase.m in Sources */ = {isa = PBXBuildFile; fileRef = FC722DAC1DB00B2B00A39926 /* FMDatabase.m */; };
		FC722DB81DB00B2B00A39926 /* FMDatabaseAdditions.m in Sources */ = {isa = PBXBuildFile; fileRef = FC722DAE1DB00B2B00A39926 /* FMDatabaseAdditions.m */; };
		FC722DB91DB00B2B00A39926 /* FMDatabasePool.m in Sources */ = {isa = PBXBuildFile; fileRef = FC722DB01DB00B2B00A39926 /* FMDatabasePool.m */; };
		FC722DBA1DB00B2B00A39926 /* FMDatabaseQueue.m in Sources */ = {isa = PBXBuildFile; fileRef = FC722DB21DB00B2B00A39926 /* FMDatabaseQueue.m */; };
		FC722DBB1DB00B2B00A39926 /* FMResultSet.m in Sources */ = {isa = PBXBuildFile; fileRef = FC722DB51DB00B2B00A39926 /* FMResultSet.m */; };
		FC722DBE1DB00BC500A39926 /* DataBase.swift in Sources */ = {isa = PBXBuildFile; fileRef = FC722DBD1DB00BC500A39926 /* DataBase.swift */; };
		FC722DC41DB01DD600A39926 /* CVAuxiliaryView.swift in Sources */ = {isa = PBXBuildFile; fileRef = FC722DC31DB01DD600A39926 /* CVAuxiliaryView.swift */; };
		FC94586D1DCB2995000DB971 /* EventoViewController.swift in Sources */ = {isa = PBXBuildFile; fileRef = FC94586C1DCB2995000DB971 /* EventoViewController.swift */; };
		FC95CBF71DAEA15700F5E67C /* iPad.storyboard in Resources */ = {isa = PBXBuildFile; fileRef = FC95CBED1DAEA15700F5E67C /* iPad.storyboard */; };
		FC95CBF81DAEA15700F5E67C /* iPhone.storyboard in Resources */ = {isa = PBXBuildFile; fileRef = FC95CBEF1DAEA15700F5E67C /* iPhone.storyboard */; };
		FC95CBFA1DAEA15700F5E67C /* Localizable.strings in Resources */ = {isa = PBXBuildFile; fileRef = FC95CBF31DAEA15700F5E67C /* Localizable.strings */; };
		FC95CBFB1DAEA15700F5E67C /* LaunchScreen.storyboard in Resources */ = {isa = PBXBuildFile; fileRef = FC95CBF51DAEA15700F5E67C /* LaunchScreen.storyboard */; };
		FCA966AD1E1436D9006E4F10 /* ClienteDetViewController.swift in Sources */ = {isa = PBXBuildFile; fileRef = FCA966AC1E1436D9006E4F10 /* ClienteDetViewController.swift */; };
		FCA966AF1E1437A8006E4F10 /* ReferidoDetViewController.swift in Sources */ = {isa = PBXBuildFile; fileRef = FCA966AE1E1437A8006E4F10 /* ReferidoDetViewController.swift */; };
		FCA966B11E143D71006E4F10 /* ImportarViewController.swift in Sources */ = {isa = PBXBuildFile; fileRef = FCA966B01E143D71006E4F10 /* ImportarViewController.swift */; };
		FCAEBF4D1D99BB2F00409702 /* LoginViewController.swift in Sources */ = {isa = PBXBuildFile; fileRef = FCAEBF4C1D99BB2F00409702 /* LoginViewController.swift */; };
		FCE057241DD81300001A4A98 /* ReportesViewController.swift in Sources */ = {isa = PBXBuildFile; fileRef = FCE057231DD81300001A4A98 /* ReportesViewController.swift */; };
		FCE057271DD8272A001A4A98 /* Web in Resources */ = {isa = PBXBuildFile; fileRef = FCE057261DD8272A001A4A98 /* Web */; };
/* End PBXBuildFile section */

/* Begin PBXFileReference section */
		FC11F0F71DE74BAA008A9232 /* BuscarViewController.swift */ = {isa = PBXFileReference; fileEncoding = 4; lastKnownFileType = sourcecode.swift; path = BuscarViewController.swift; sourceTree = "<group>"; };
		FC207BFF1D98247400AC15F2 /* Assets.xcassets */ = {isa = PBXFileReference; lastKnownFileType = folder.assetcatalog; path = Assets.xcassets; sourceTree = "<group>"; };
		FC226B541DA0F7D500905277 /* Functions.swift */ = {isa = PBXFileReference; fileEncoding = 4; lastKnownFileType = sourcecode.swift; path = Functions.swift; sourceTree = "<group>"; };
		FC25E97D1E00EF4800F803B0 /* LlamadaViewController.swift */ = {isa = PBXFileReference; fileEncoding = 4; lastKnownFileType = sourcecode.swift; path = LlamadaViewController.swift; sourceTree = "<group>"; };
		FC25E97F1E013BB000F803B0 /* ConfiguracionViewController.swift */ = {isa = PBXFileReference; fileEncoding = 4; lastKnownFileType = sourcecode.swift; path = ConfiguracionViewController.swift; sourceTree = "<group>"; };
		FC2898411D9C78E7007212B9 /* RegistroViewController.swift */ = {isa = PBXFileReference; fileEncoding = 4; lastKnownFileType = sourcecode.swift; path = RegistroViewController.swift; sourceTree = "<group>"; };
		FC2CA1881DEB616900EAD96A /* TelefonosCorreosViewController.swift */ = {isa = PBXFileReference; fileEncoding = 4; lastKnownFileType = sourcecode.swift; path = TelefonosCorreosViewController.swift; sourceTree = "<group>"; };
		FC5A66921DA5810C00A62D26 /* CalendarioController.swift */ = {isa = PBXFileReference; fileEncoding = 4; lastKnownFileType = sourcecode.swift; path = CalendarioController.swift; sourceTree = "<group>"; };
		FC5A67621DA6FA4100A62D26 /* CVCalendar.h */ = {isa = PBXFileReference; fileEncoding = 4; lastKnownFileType = sourcecode.c.h; path = CVCalendar.h; sourceTree = "<group>"; };
		FC5A67631DA6FA4100A62D26 /* CVCalendarContentViewController.swift */ = {isa = PBXFileReference; fileEncoding = 4; lastKnownFileType = sourcecode.swift; path = CVCalendarContentViewController.swift; sourceTree = "<group>"; };
		FC5A67641DA6FA4100A62D26 /* CVCalendarDayView.swift */ = {isa = PBXFileReference; fileEncoding = 4; lastKnownFileType = sourcecode.swift; path = CVCalendarDayView.swift; sourceTree = "<group>"; };
		FC5A67651DA6FA4100A62D26 /* CVCalendarDayViewControlCoordinator.swift */ = {isa = PBXFileReference; fileEncoding = 4; lastKnownFileType = sourcecode.swift; path = CVCalendarDayViewControlCoordinator.swift; sourceTree = "<group>"; };
		FC5A67661DA6FA4100A62D26 /* CVCalendarManager.swift */ = {isa = PBXFileReference; fileEncoding = 4; lastKnownFileType = sourcecode.swift; path = CVCalendarManager.swift; sourceTree = "<group>"; };
		FC5A67671DA6FA4100A62D26 /* CVCalendarMenuView.swift */ = {isa = PBXFileReference; fileEncoding = 4; lastKnownFileType = sourcecode.swift; path = CVCalendarMenuView.swift; sourceTree = "<group>"; };
		FC5A67681DA6FA4100A62D26 /* CVCalendarMenuViewDelegate.swift */ = {isa = PBXFileReference; fileEncoding = 4; lastKnownFileType = sourcecode.swift; path = CVCalendarMenuViewDelegate.swift; sourceTree = "<group>"; };
		FC5A67691DA6FA4100A62D26 /* CVCalendarMonthContentViewController.swift */ = {isa = PBXFileReference; fileEncoding = 4; lastKnownFileType = sourcecode.swift; path = CVCalendarMonthContentViewController.swift; sourceTree = "<group>"; };
		FC5A676A1DA6FA4100A62D26 /* CVCalendarMonthView.swift */ = {isa = PBXFileReference; fileEncoding = 4; lastKnownFileType = sourcecode.swift; path = CVCalendarMonthView.swift; sourceTree = "<group>"; };
		FC5A676B1DA6FA4100A62D26 /* CVCalendarTouchController.swift */ = {isa = PBXFileReference; fileEncoding = 4; lastKnownFileType = sourcecode.swift; path = CVCalendarTouchController.swift; sourceTree = "<group>"; };
		FC5A676C1DA6FA4100A62D26 /* CVCalendarView.swift */ = {isa = PBXFileReference; fileEncoding = 4; lastKnownFileType = sourcecode.swift; path = CVCalendarView.swift; sourceTree = "<group>"; };
		FC5A676D1DA6FA4100A62D26 /* CVCalendarViewAnimator.swift */ = {isa = PBXFileReference; fileEncoding = 4; lastKnownFileType = sourcecode.swift; path = CVCalendarViewAnimator.swift; sourceTree = "<group>"; };
		FC5A676E1DA6FA4100A62D26 /* CVCalendarViewAnimatorDelegate.swift */ = {isa = PBXFileReference; fileEncoding = 4; lastKnownFileType = sourcecode.swift; path = CVCalendarViewAnimatorDelegate.swift; sourceTree = "<group>"; };
		FC5A676F1DA6FA4100A62D26 /* CVCalendarViewAppearance.swift */ = {isa = PBXFileReference; fileEncoding = 4; lastKnownFileType = sourcecode.swift; path = CVCalendarViewAppearance.swift; sourceTree = "<group>"; };
		FC5A67701DA6FA4100A62D26 /* CVCalendarViewAppearanceDelegate.swift */ = {isa = PBXFileReference; fileEncoding = 4; lastKnownFileType = sourcecode.swift; path = CVCalendarViewAppearanceDelegate.swift; sourceTree = "<group>"; };
		FC5A67711DA6FA4100A62D26 /* CVCalendarViewDelegate.swift */ = {isa = PBXFileReference; fileEncoding = 4; lastKnownFileType = sourcecode.swift; path = CVCalendarViewDelegate.swift; sourceTree = "<group>"; };
		FC5A67721DA6FA4100A62D26 /* CVCalendarViewPresentationMode.swift */ = {isa = PBXFileReference; fileEncoding = 4; lastKnownFileType = sourcecode.swift; path = CVCalendarViewPresentationMode.swift; sourceTree = "<group>"; };
		FC5A67731DA6FA4100A62D26 /* CVCalendarWeekContentViewController.swift */ = {isa = PBXFileReference; fileEncoding = 4; lastKnownFileType = sourcecode.swift; path = CVCalendarWeekContentViewController.swift; sourceTree = "<group>"; };
		FC5A67741DA6FA4100A62D26 /* CVCalendarWeekday.swift */ = {isa = PBXFileReference; fileEncoding = 4; lastKnownFileType = sourcecode.swift; path = CVCalendarWeekday.swift; sourceTree = "<group>"; };
		FC5A67751DA6FA4100A62D26 /* CVCalendarWeekView.swift */ = {isa = PBXFileReference; fileEncoding = 4; lastKnownFileType = sourcecode.swift; path = CVCalendarWeekView.swift; sourceTree = "<group>"; };
		FC5A67761DA6FA4100A62D26 /* CVDate.swift */ = {isa = PBXFileReference; fileEncoding = 4; lastKnownFileType = sourcecode.swift; path = CVDate.swift; sourceTree = "<group>"; };
		FC5A67771DA6FA4100A62D26 /* CVPresent.swift */ = {isa = PBXFileReference; fileEncoding = 4; lastKnownFileType = sourcecode.swift; path = CVPresent.swift; sourceTree = "<group>"; };
		FC5A67781DA6FA4100A62D26 /* CVRange.swift */ = {isa = PBXFileReference; fileEncoding = 4; lastKnownFileType = sourcecode.swift; path = CVRange.swift; sourceTree = "<group>"; };
		FC5A67791DA6FA4100A62D26 /* CVScrollDirection.swift */ = {isa = PBXFileReference; fileEncoding = 4; lastKnownFileType = sourcecode.swift; path = CVScrollDirection.swift; sourceTree = "<group>"; };
		FC5A677A1DA6FA4100A62D26 /* CVSelectionType.swift */ = {isa = PBXFileReference; fileEncoding = 4; lastKnownFileType = sourcecode.swift; path = CVSelectionType.swift; sourceTree = "<group>"; };
		FC5A677B1DA6FA4100A62D26 /* CVSet.swift */ = {isa = PBXFileReference; fileEncoding = 4; lastKnownFileType = sourcecode.swift; path = CVSet.swift; sourceTree = "<group>"; };
		FC5A677C1DA6FA4100A62D26 /* CVShape.swift */ = {isa = PBXFileReference; fileEncoding = 4; lastKnownFileType = sourcecode.swift; path = CVShape.swift; sourceTree = "<group>"; };
		FC5A677D1DA6FA4100A62D26 /* CVStatus.swift */ = {isa = PBXFileReference; fileEncoding = 4; lastKnownFileType = sourcecode.swift; path = CVStatus.swift; sourceTree = "<group>"; };
		FC5A677E1DA6FA4100A62D26 /* CVWeekdaySymbolType.swift */ = {isa = PBXFileReference; fileEncoding = 4; lastKnownFileType = sourcecode.swift; path = CVWeekdaySymbolType.swift; sourceTree = "<group>"; };
		FC5DCB711DB71A4A00361ED4 /* EventKit.framework */ = {isa = PBXFileReference; lastKnownFileType = wrapper.framework; name = EventKit.framework; path = System/Library/Frameworks/EventKit.framework; sourceTree = SDKROOT; };
		FC5DCB781DB8450300361ED4 /* MainTabBarController.swift */ = {isa = PBXFileReference; fileEncoding = 4; lastKnownFileType = sourcecode.swift; path = MainTabBarController.swift; sourceTree = "<group>"; };
		FC5DCB821DC01E2A00361ED4 /* ClientesViewController.swift */ = {isa = PBXFileReference; fileEncoding = 4; lastKnownFileType = sourcecode.swift; path = ClientesViewController.swift; sourceTree = "<group>"; };
		FC5DCB841DC0946F00361ED4 /* ReferidosViewController.swift */ = {isa = PBXFileReference; fileEncoding = 4; lastKnownFileType = sourcecode.swift; path = ReferidosViewController.swift; sourceTree = "<group>"; };
		FC5E81DE1E1D3B8600C13B7C /* SegurosViewController.swift */ = {isa = PBXFileReference; fileEncoding = 4; lastKnownFileType = sourcecode.swift; path = SegurosViewController.swift; sourceTree = "<group>"; };
		FC6DD81D1DC3C76500D46AA1 /* ClienteViewController.swift */ = {isa = PBXFileReference; fileEncoding = 4; lastKnownFileType = sourcecode.swift; path = ClienteViewController.swift; sourceTree = "<group>"; };
		FC6DD81F1DC3C78900D46AA1 /* ReferidoViewController.swift */ = {isa = PBXFileReference; fileEncoding = 4; lastKnownFileType = sourcecode.swift; path = ReferidoViewController.swift; sourceTree = "<group>"; };
		FC70B4271D7F7ECC00728E8A /* Uno a Uno.app */ = {isa = PBXFileReference; explicitFileType = wrapper.application; includeInIndex = 0; path = "Uno a Uno.app"; sourceTree = BUILT_PRODUCTS_DIR; };
		FC70B42A1D7F7ECC00728E8A /* AppDelegate.swift */ = {isa = PBXFileReference; lastKnownFileType = sourcecode.swift; path = AppDelegate.swift; sourceTree = "<group>"; };
		FC722DA71DAFFB9200A39926 /* libsqlite3.tbd */ = {isa = PBXFileReference; lastKnownFileType = "sourcecode.text-based-dylib-definition"; name = libsqlite3.tbd; path = usr/lib/libsqlite3.tbd; sourceTree = SDKROOT; };
		FC722DAA1DB00B2B00A39926 /* Uno a Uno-Bridging-Header.h */ = {isa = PBXFileReference; lastKnownFileType = sourcecode.c.h; path = "Uno a Uno-Bridging-Header.h"; sourceTree = "<group>"; };
		FC722DAB1DB00B2B00A39926 /* FMDatabase.h */ = {isa = PBXFileReference; fileEncoding = 4; lastKnownFileType = sourcecode.c.h; name = FMDatabase.h; path = FMDB/FMDatabase.h; sourceTree = "<group>"; };
		FC722DAC1DB00B2B00A39926 /* FMDatabase.m */ = {isa = PBXFileReference; fileEncoding = 4; lastKnownFileType = sourcecode.c.objc; name = FMDatabase.m; path = FMDB/FMDatabase.m; sourceTree = "<group>"; };
		FC722DAD1DB00B2B00A39926 /* FMDatabaseAdditions.h */ = {isa = PBXFileReference; fileEncoding = 4; lastKnownFileType = sourcecode.c.h; name = FMDatabaseAdditions.h; path = FMDB/FMDatabaseAdditions.h; sourceTree = "<group>"; };
		FC722DAE1DB00B2B00A39926 /* FMDatabaseAdditions.m */ = {isa = PBXFileReference; fileEncoding = 4; lastKnownFileType = sourcecode.c.objc; name = FMDatabaseAdditions.m; path = FMDB/FMDatabaseAdditions.m; sourceTree = "<group>"; };
		FC722DAF1DB00B2B00A39926 /* FMDatabasePool.h */ = {isa = PBXFileReference; fileEncoding = 4; lastKnownFileType = sourcecode.c.h; name = FMDatabasePool.h; path = FMDB/FMDatabasePool.h; sourceTree = "<group>"; };
		FC722DB01DB00B2B00A39926 /* FMDatabasePool.m */ = {isa = PBXFileReference; fileEncoding = 4; lastKnownFileType = sourcecode.c.objc; name = FMDatabasePool.m; path = FMDB/FMDatabasePool.m; sourceTree = "<group>"; };
		FC722DB11DB00B2B00A39926 /* FMDatabaseQueue.h */ = {isa = PBXFileReference; fileEncoding = 4; lastKnownFileType = sourcecode.c.h; name = FMDatabaseQueue.h; path = FMDB/FMDatabaseQueue.h; sourceTree = "<group>"; };
		FC722DB21DB00B2B00A39926 /* FMDatabaseQueue.m */ = {isa = PBXFileReference; fileEncoding = 4; lastKnownFileType = sourcecode.c.objc; name = FMDatabaseQueue.m; path = FMDB/FMDatabaseQueue.m; sourceTree = "<group>"; };
		FC722DB31DB00B2B00A39926 /* FMDB.h */ = {isa = PBXFileReference; fileEncoding = 4; lastKnownFileType = sourcecode.c.h; name = FMDB.h; path = FMDB/FMDB.h; sourceTree = "<group>"; };
		FC722DB41DB00B2B00A39926 /* FMResultSet.h */ = {isa = PBXFileReference; fileEncoding = 4; lastKnownFileType = sourcecode.c.h; name = FMResultSet.h; path = FMDB/FMResultSet.h; sourceTree = "<group>"; };
		FC722DB51DB00B2B00A39926 /* FMResultSet.m */ = {isa = PBXFileReference; fileEncoding = 4; lastKnownFileType = sourcecode.c.objc; name = FMResultSet.m; path = FMDB/FMResultSet.m; sourceTree = "<group>"; };
		FC722DBD1DB00BC500A39926 /* DataBase.swift */ = {isa = PBXFileReference; fileEncoding = 4; lastKnownFileType = sourcecode.swift; path = DataBase.swift; sourceTree = "<group>"; };
		FC722DBF1DB0180600A39926 /* Info.plist */ = {isa = PBXFileReference; fileEncoding = 4; lastKnownFileType = text.plist.xml; path = Info.plist; sourceTree = "<group>"; };
		FC722DC31DB01DD600A39926 /* CVAuxiliaryView.swift */ = {isa = PBXFileReference; fileEncoding = 4; lastKnownFileType = sourcecode.swift; path = CVAuxiliaryView.swift; sourceTree = "<group>"; };
		FC94586C1DCB2995000DB971 /* EventoViewController.swift */ = {isa = PBXFileReference; fileEncoding = 4; lastKnownFileType = sourcecode.swift; path = EventoViewController.swift; sourceTree = "<group>"; };
		FC95CBFC1DAEA17800F5E67C /* es-MX */ = {isa = PBXFileReference; lastKnownFileType = file.storyboard; name = "es-MX"; path = "es-MX.lproj/iPad.storyboard"; sourceTree = "<group>"; };
		FC95CBFD1DAEA17800F5E67C /* es-MX */ = {isa = PBXFileReference; lastKnownFileType = file.storyboard; name = "es-MX"; path = "es-MX.lproj/iPhone.storyboard"; sourceTree = "<group>"; };
		FC95CBFF1DAEA17800F5E67C /* es-MX */ = {isa = PBXFileReference; lastKnownFileType = text.plist.strings; name = "es-MX"; path = "es-MX.lproj/Localizable.strings"; sourceTree = "<group>"; };
		FC95CC001DAEA17800F5E67C /* es-MX */ = {isa = PBXFileReference; lastKnownFileType = file.storyboard; name = "es-MX"; path = "es-MX.lproj/LaunchScreen.storyboard"; sourceTree = "<group>"; };
		FCA966AC1E1436D9006E4F10 /* ClienteDetViewController.swift */ = {isa = PBXFileReference; fileEncoding = 4; lastKnownFileType = sourcecode.swift; path = ClienteDetViewController.swift; sourceTree = "<group>"; };
		FCA966AE1E1437A8006E4F10 /* ReferidoDetViewController.swift */ = {isa = PBXFileReference; fileEncoding = 4; lastKnownFileType = sourcecode.swift; path = ReferidoDetViewController.swift; sourceTree = "<group>"; };
		FCA966B01E143D71006E4F10 /* ImportarViewController.swift */ = {isa = PBXFileReference; fileEncoding = 4; lastKnownFileType = sourcecode.swift; path = ImportarViewController.swift; sourceTree = "<group>"; };
		FCAEBF4C1D99BB2F00409702 /* LoginViewController.swift */ = {isa = PBXFileReference; fileEncoding = 4; lastKnownFileType = sourcecode.swift; path = LoginViewController.swift; sourceTree = "<group>"; };
		FCE057231DD81300001A4A98 /* ReportesViewController.swift */ = {isa = PBXFileReference; fileEncoding = 4; lastKnownFileType = sourcecode.swift; path = ReportesViewController.swift; sourceTree = "<group>"; };
		FCE057261DD8272A001A4A98 /* Web */ = {isa = PBXFileReference; lastKnownFileType = folder; path = Web; sourceTree = "<group>"; };
/* End PBXFileReference section */

/* Begin PBXFrameworksBuildPhase section */
		FC70B4241D7F7ECC00728E8A /* Frameworks */ = {
			isa = PBXFrameworksBuildPhase;
			buildActionMask = 2147483647;
			files = (
				FC5DCB771DB8091E00361ED4 /* libsqlite3.tbd in Frameworks */,
			);
			runOnlyForDeploymentPostprocessing = 0;
		};
/* End PBXFrameworksBuildPhase section */

/* Begin PBXGroup section */
		FC5A67601DA6FA1C00A62D26 /* CVCalendar */ = {
			isa = PBXGroup;
			children = (
				FC722DC31DB01DD600A39926 /* CVAuxiliaryView.swift */,
				FC5A67621DA6FA4100A62D26 /* CVCalendar.h */,
				FC5A67631DA6FA4100A62D26 /* CVCalendarContentViewController.swift */,
				FC5A67641DA6FA4100A62D26 /* CVCalendarDayView.swift */,
				FC5A67651DA6FA4100A62D26 /* CVCalendarDayViewControlCoordinator.swift */,
				FC5A67661DA6FA4100A62D26 /* CVCalendarManager.swift */,
				FC5A67671DA6FA4100A62D26 /* CVCalendarMenuView.swift */,
				FC5A67681DA6FA4100A62D26 /* CVCalendarMenuViewDelegate.swift */,
				FC5A67691DA6FA4100A62D26 /* CVCalendarMonthContentViewController.swift */,
				FC5A676A1DA6FA4100A62D26 /* CVCalendarMonthView.swift */,
				FC5A676B1DA6FA4100A62D26 /* CVCalendarTouchController.swift */,
				FC5A676C1DA6FA4100A62D26 /* CVCalendarView.swift */,
				FC5A676D1DA6FA4100A62D26 /* CVCalendarViewAnimator.swift */,
				FC5A676E1DA6FA4100A62D26 /* CVCalendarViewAnimatorDelegate.swift */,
				FC5A676F1DA6FA4100A62D26 /* CVCalendarViewAppearance.swift */,
				FC5A67701DA6FA4100A62D26 /* CVCalendarViewAppearanceDelegate.swift */,
				FC5A67711DA6FA4100A62D26 /* CVCalendarViewDelegate.swift */,
				FC5A67721DA6FA4100A62D26 /* CVCalendarViewPresentationMode.swift */,
				FC5A67731DA6FA4100A62D26 /* CVCalendarWeekContentViewController.swift */,
				FC5A67741DA6FA4100A62D26 /* CVCalendarWeekday.swift */,
				FC5A67751DA6FA4100A62D26 /* CVCalendarWeekView.swift */,
				FC5A67761DA6FA4100A62D26 /* CVDate.swift */,
				FC5A67771DA6FA4100A62D26 /* CVPresent.swift */,
				FC5A67781DA6FA4100A62D26 /* CVRange.swift */,
				FC5A67791DA6FA4100A62D26 /* CVScrollDirection.swift */,
				FC5A677A1DA6FA4100A62D26 /* CVSelectionType.swift */,
				FC5A677B1DA6FA4100A62D26 /* CVSet.swift */,
				FC5A677C1DA6FA4100A62D26 /* CVShape.swift */,
				FC5A677D1DA6FA4100A62D26 /* CVStatus.swift */,
				FC5A677E1DA6FA4100A62D26 /* CVWeekdaySymbolType.swift */,
			);
			path = CVCalendar;
			sourceTree = "<group>";
		};
		FC70B41E1D7F7ECC00728E8A = {
			isa = PBXGroup;
			children = (
				FC70B4291D7F7ECC00728E8A /* Uno a Uno */,
				FC70B4281D7F7ECC00728E8A /* Products */,
				FC722DA61DAFFB9100A39926 /* Frameworks */,
			);
			sourceTree = "<group>";
		};
		FC70B4281D7F7ECC00728E8A /* Products */ = {
			isa = PBXGroup;
			children = (
				FC70B4271D7F7ECC00728E8A /* Uno a Uno.app */,
			);
			name = Products;
			sourceTree = "<group>";
		};
		FC70B4291D7F7ECC00728E8A /* Uno a Uno */ = {
			isa = PBXGroup;
			children = (
				FC722DBF1DB0180600A39926 /* Info.plist */,
				FC207BFF1D98247400AC15F2 /* Assets.xcassets */,
				FC95CBED1DAEA15700F5E67C /* iPad.storyboard */,
				FC95CBEF1DAEA15700F5E67C /* iPhone.storyboard */,
				FC95CBF51DAEA15700F5E67C /* LaunchScreen.storyboard */,
				FC95CBF31DAEA15700F5E67C /* Localizable.strings */,
				FC70B42A1D7F7ECC00728E8A /* AppDelegate.swift */,
				FCAEBF4C1D99BB2F00409702 /* LoginViewController.swift */,
				FC2898411D9C78E7007212B9 /* RegistroViewController.swift */,
				FC5DCB781DB8450300361ED4 /* MainTabBarController.swift */,
				FC5A66921DA5810C00A62D26 /* CalendarioController.swift */,
				FC94586C1DCB2995000DB971 /* EventoViewController.swift */,
				FC5DCB821DC01E2A00361ED4 /* ClientesViewController.swift */,
				FC6DD81D1DC3C76500D46AA1 /* ClienteViewController.swift */,
				FCA966AC1E1436D9006E4F10 /* ClienteDetViewController.swift */,
				FC5DCB841DC0946F00361ED4 /* ReferidosViewController.swift */,
				FC6DD81F1DC3C78900D46AA1 /* ReferidoViewController.swift */,
				FCA966AE1E1437A8006E4F10 /* ReferidoDetViewController.swift */,
				FC11F0F71DE74BAA008A9232 /* BuscarViewController.swift */,
				FC2CA1881DEB616900EAD96A /* TelefonosCorreosViewController.swift */,
				FC25E97D1E00EF4800F803B0 /* LlamadaViewController.swift */,
				FCE057231DD81300001A4A98 /* ReportesViewController.swift */,
				FC25E97F1E013BB000F803B0 /* ConfiguracionViewController.swift */,
				FCA966B01E143D71006E4F10 /* ImportarViewController.swift */,
				FC5E81DE1E1D3B8600C13B7C /* SegurosViewController.swift */,
				FC226B541DA0F7D500905277 /* Functions.swift */,
				FC722DBD1DB00BC500A39926 /* DataBase.swift */,
				FCE057261DD8272A001A4A98 /* Web */,
				FC5A67601DA6FA1C00A62D26 /* CVCalendar */,
				FC722DA91DB00ACE00A39926 /* FMDB */,
			);
			path = "Uno a Uno";
			sourceTree = "<group>";
		};
		FC722DA61DAFFB9100A39926 /* Frameworks */ = {
			isa = PBXGroup;
			children = (
				FC5DCB711DB71A4A00361ED4 /* EventKit.framework */,
				FC722DA71DAFFB9200A39926 /* libsqlite3.tbd */,
			);
			name = Frameworks;
			sourceTree = "<group>";
		};
		FC722DA91DB00ACE00A39926 /* FMDB */ = {
			isa = PBXGroup;
			children = (
				FC722DAB1DB00B2B00A39926 /* FMDatabase.h */,
				FC722DAC1DB00B2B00A39926 /* FMDatabase.m */,
				FC722DAD1DB00B2B00A39926 /* FMDatabaseAdditions.h */,
				FC722DAE1DB00B2B00A39926 /* FMDatabaseAdditions.m */,
				FC722DAF1DB00B2B00A39926 /* FMDatabasePool.h */,
				FC722DB01DB00B2B00A39926 /* FMDatabasePool.m */,
				FC722DB11DB00B2B00A39926 /* FMDatabaseQueue.h */,
				FC722DB21DB00B2B00A39926 /* FMDatabaseQueue.m */,
				FC722DB31DB00B2B00A39926 /* FMDB.h */,
				FC722DB41DB00B2B00A39926 /* FMResultSet.h */,
				FC722DB51DB00B2B00A39926 /* FMResultSet.m */,
				FC722DAA1DB00B2B00A39926 /* Uno a Uno-Bridging-Header.h */,
			);
			name = FMDB;
			sourceTree = "<group>";
		};
/* End PBXGroup section */

/* Begin PBXNativeTarget section */
		FC70B4261D7F7ECC00728E8A /* Uno a Uno */ = {
			isa = PBXNativeTarget;
			buildConfigurationList = FC70B4391D7F7ECC00728E8A /* Build configuration list for PBXNativeTarget "Uno a Uno" */;
			buildPhases = (
				FC70B4231D7F7ECC00728E8A /* Sources */,
				FC70B4241D7F7ECC00728E8A /* Frameworks */,
				FC70B4251D7F7ECC00728E8A /* Resources */,
			);
			buildRules = (
			);
			dependencies = (
			);
			name = "Uno a Uno";
			productName = "Uno a Uno";
			productReference = FC70B4271D7F7ECC00728E8A /* Uno a Uno.app */;
			productType = "com.apple.product-type.application";
		};
/* End PBXNativeTarget section */

/* Begin PBXProject section */
		FC70B41F1D7F7ECC00728E8A /* Project object */ = {
			isa = PBXProject;
			attributes = {
				LastSwiftUpdateCheck = 0730;
				LastUpgradeCheck = 0800;
				ORGANIZATIONNAME = "Enrique Landeros Reyes";
				TargetAttributes = {
					FC70B4261D7F7ECC00728E8A = {
						CreatedOnToolsVersion = 7.3.1;
						LastSwiftMigration = 0800;
						SystemCapabilities = {
							com.apple.BackgroundModes = {
								enabled = 0;
							};
						};
					};
				};
			};
			buildConfigurationList = FC70B4221D7F7ECC00728E8A /* Build configuration list for PBXProject "Uno a Uno" */;
			compatibilityVersion = "Xcode 8.0";
			developmentRegion = English;
			hasScannedForEncodings = 0;
			knownRegions = (
				"es-MX",
			);
			mainGroup = FC70B41E1D7F7ECC00728E8A;
			productRefGroup = FC70B4281D7F7ECC00728E8A /* Products */;
			projectDirPath = "";
			projectRoot = "";
			targets = (
				FC70B4261D7F7ECC00728E8A /* Uno a Uno */,
			);
		};
/* End PBXProject section */

/* Begin PBXResourcesBuildPhase section */
		FC70B4251D7F7ECC00728E8A /* Resources */ = {
			isa = PBXResourcesBuildPhase;
			buildActionMask = 2147483647;
			files = (
				FC95CBF71DAEA15700F5E67C /* iPad.storyboard in Resources */,
				FC95CBF81DAEA15700F5E67C /* iPhone.storyboard in Resources */,
				FC95CBFB1DAEA15700F5E67C /* LaunchScreen.storyboard in Resources */,
				FCE057271DD8272A001A4A98 /* Web in Resources */,
				FC207C001D98247400AC15F2 /* Assets.xcassets in Resources */,
				FC95CBFA1DAEA15700F5E67C /* Localizable.strings in Resources */,
			);
			runOnlyForDeploymentPostprocessing = 0;
		};
/* End PBXResourcesBuildPhase section */

/* Begin PBXSourcesBuildPhase section */
		FC70B4231D7F7ECC00728E8A /* Sources */ = {
			isa = PBXSourcesBuildPhase;
			buildActionMask = 2147483647;
			files = (
				FC5A67931DA6FA4100A62D26 /* CVDate.swift in Sources */,
				FCAEBF4D1D99BB2F00409702 /* LoginViewController.swift in Sources */,
				FC5A67961DA6FA4100A62D26 /* CVScrollDirection.swift in Sources */,
				FC722DB71DB00B2B00A39926 /* FMDatabase.m in Sources */,
				FC5A67861DA6FA4100A62D26 /* CVCalendarMonthContentViewController.swift in Sources */,
				FC2898421D9C78E7007212B9 /* RegistroViewController.swift in Sources */,
				FC722DBB1DB00B2B00A39926 /* FMResultSet.m in Sources */,
				FC25E97E1E00EF4800F803B0 /* LlamadaViewController.swift in Sources */,
				FC5A67801DA6FA4100A62D26 /* CVCalendarContentViewController.swift in Sources */,
				FC5A67871DA6FA4100A62D26 /* CVCalendarMonthView.swift in Sources */,
				FC6DD8201DC3C78900D46AA1 /* ReferidoViewController.swift in Sources */,
				FC5A67951DA6FA4100A62D26 /* CVRange.swift in Sources */,
				FCA966B11E143D71006E4F10 /* ImportarViewController.swift in Sources */,
				FC722DBA1DB00B2B00A39926 /* FMDatabaseQueue.m in Sources */,
				FCA966AF1E1437A8006E4F10 /* ReferidoDetViewController.swift in Sources */,
				FC5A66931DA5810C00A62D26 /* CalendarioController.swift in Sources */,
				FC70B42B1D7F7ECC00728E8A /* AppDelegate.swift in Sources */,
				FC5A67911DA6FA4100A62D26 /* CVCalendarWeekday.swift in Sources */,
				FC5A67921DA6FA4100A62D26 /* CVCalendarWeekView.swift in Sources */,
				FC5A67981DA6FA4100A62D26 /* CVSet.swift in Sources */,
				FC5A679A1DA6FA4100A62D26 /* CVStatus.swift in Sources */,
				FC5A679B1DA6FA4100A62D26 /* CVWeekdaySymbolType.swift in Sources */,
				FC5A67901DA6FA4100A62D26 /* CVCalendarWeekContentViewController.swift in Sources */,
				FC5A678C1DA6FA4100A62D26 /* CVCalendarViewAppearance.swift in Sources */,
				FC5DCB831DC01E2A00361ED4 /* ClientesViewController.swift in Sources */,
				FC5A678A1DA6FA4100A62D26 /* CVCalendarViewAnimator.swift in Sources */,
				FC5A678E1DA6FA4100A62D26 /* CVCalendarViewDelegate.swift in Sources */,
				FC5A67991DA6FA4100A62D26 /* CVShape.swift in Sources */,
				FC5E81DF1E1D3B8600C13B7C /* SegurosViewController.swift in Sources */,
				FC5A678D1DA6FA4100A62D26 /* CVCalendarViewAppearanceDelegate.swift in Sources */,
				FC722DB81DB00B2B00A39926 /* FMDatabaseAdditions.m in Sources */,
				FC5A678B1DA6FA4100A62D26 /* CVCalendarViewAnimatorDelegate.swift in Sources */,
				FC5A67831DA6FA4100A62D26 /* CVCalendarManager.swift in Sources */,
				FCE057241DD81300001A4A98 /* ReportesViewController.swift in Sources */,
				FC5DCB851DC0946F00361ED4 /* ReferidosViewController.swift in Sources */,
				FC6DD81E1DC3C76500D46AA1 /* ClienteViewController.swift in Sources */,
				FC5A67941DA6FA4100A62D26 /* CVPresent.swift in Sources */,
				FC5A67971DA6FA4100A62D26 /* CVSelectionType.swift in Sources */,
				FC722DBE1DB00BC500A39926 /* DataBase.swift in Sources */,
				FC5A678F1DA6FA4100A62D26 /* CVCalendarViewPresentationMode.swift in Sources */,
				FC11F0F81DE74BAA008A9232 /* BuscarViewController.swift in Sources */,
				FC5DCB791DB8450300361ED4 /* MainTabBarController.swift in Sources */,
				FC25E9801E013BB000F803B0 /* ConfiguracionViewController.swift in Sources */,
				FC5A67811DA6FA4100A62D26 /* CVCalendarDayView.swift in Sources */,
				FCA966AD1E1436D9006E4F10 /* ClienteDetViewController.swift in Sources */,
				FC94586D1DCB2995000DB971 /* EventoViewController.swift in Sources */,
				FC5A67881DA6FA4100A62D26 /* CVCalendarTouchController.swift in Sources */,
				FC226B551DA0F7D500905277 /* Functions.swift in Sources */,
				FC5A67821DA6FA4100A62D26 /* CVCalendarDayViewControlCoordinator.swift in Sources */,
				FC5A67891DA6FA4100A62D26 /* CVCalendarView.swift in Sources */,
				FC722DC41DB01DD600A39926 /* CVAuxiliaryView.swift in Sources */,
				FC5A67851DA6FA4100A62D26 /* CVCalendarMenuViewDelegate.swift in Sources */,
				FC5A67841DA6FA4100A62D26 /* CVCalendarMenuView.swift in Sources */,
				FC722DB91DB00B2B00A39926 /* FMDatabasePool.m in Sources */,
				FC2CA1891DEB616900EAD96A /* TelefonosCorreosViewController.swift in Sources */,
			);
			runOnlyForDeploymentPostprocessing = 0;
		};
/* End PBXSourcesBuildPhase section */

/* Begin PBXVariantGroup section */
		FC95CBED1DAEA15700F5E67C /* iPad.storyboard */ = {
			isa = PBXVariantGroup;
			children = (
				FC95CBFC1DAEA17800F5E67C /* es-MX */,
			);
			name = iPad.storyboard;
			sourceTree = "<group>";
		};
		FC95CBEF1DAEA15700F5E67C /* iPhone.storyboard */ = {
			isa = PBXVariantGroup;
			children = (
				FC95CBFD1DAEA17800F5E67C /* es-MX */,
			);
			name = iPhone.storyboard;
			sourceTree = "<group>";
		};
		FC95CBF31DAEA15700F5E67C /* Localizable.strings */ = {
			isa = PBXVariantGroup;
			children = (
				FC95CBFF1DAEA17800F5E67C /* es-MX */,
			);
			name = Localizable.strings;
			sourceTree = "<group>";
		};
		FC95CBF51DAEA15700F5E67C /* LaunchScreen.storyboard */ = {
			isa = PBXVariantGroup;
			children = (
				FC95CC001DAEA17800F5E67C /* es-MX */,
			);
			name = LaunchScreen.storyboard;
			sourceTree = "<group>";
		};
/* End PBXVariantGroup section */

/* Begin XCBuildConfiguration section */
		FC70B4371D7F7ECC00728E8A /* Debug */ = {
			isa = XCBuildConfiguration;
			buildSettings = {
				ALWAYS_SEARCH_USER_PATHS = NO;
				CLANG_ANALYZER_LOCALIZABILITY_NONLOCALIZED = YES;
				CLANG_ANALYZER_NONNULL = YES;
				CLANG_CXX_LANGUAGE_STANDARD = "gnu++0x";
				CLANG_CXX_LIBRARY = "libc++";
				CLANG_ENABLE_MODULES = YES;
				CLANG_ENABLE_OBJC_ARC = YES;
				CLANG_WARN_BOOL_CONVERSION = YES;
				CLANG_WARN_CONSTANT_CONVERSION = YES;
				CLANG_WARN_DIRECT_OBJC_ISA_USAGE = YES_ERROR;
				CLANG_WARN_EMPTY_BODY = YES;
				CLANG_WARN_ENUM_CONVERSION = YES;
				CLANG_WARN_INFINITE_RECURSION = YES;
				CLANG_WARN_INT_CONVERSION = YES;
				CLANG_WARN_OBJC_ROOT_CLASS = YES_ERROR;
				CLANG_WARN_SUSPICIOUS_MOVE = YES;
				CLANG_WARN_UNREACHABLE_CODE = YES;
				CLANG_WARN__DUPLICATE_METHOD_MATCH = YES;
				"CODE_SIGN_IDENTITY[sdk=*]" = "iPhone Developer";
				COPY_PHASE_STRIP = NO;
				DEBUG_INFORMATION_FORMAT = dwarf;
				DEVELOPMENT_TEAM = N5H3628677;
				ENABLE_STRICT_OBJC_MSGSEND = YES;
				ENABLE_TESTABILITY = YES;
				GCC_C_LANGUAGE_STANDARD = gnu99;
				GCC_DYNAMIC_NO_PIC = NO;
				GCC_NO_COMMON_BLOCKS = YES;
				GCC_OPTIMIZATION_LEVEL = 0;
				GCC_PREPROCESSOR_DEFINITIONS = (
					"DEBUG=1",
					"$(inherited)",
				);
				GCC_WARN_64_TO_32_BIT_CONVERSION = YES;
				GCC_WARN_ABOUT_RETURN_TYPE = YES_ERROR;
				GCC_WARN_UNDECLARED_SELECTOR = YES;
				GCC_WARN_UNINITIALIZED_AUTOS = YES_AGGRESSIVE;
				GCC_WARN_UNUSED_FUNCTION = YES;
				GCC_WARN_UNUSED_VARIABLE = YES;
				IPHONEOS_DEPLOYMENT_TARGET = 10.0;
				MTL_ENABLE_DEBUG_INFO = YES;
				ONLY_ACTIVE_ARCH = YES;
				SDKROOT = iphoneos;
				SWIFT_OPTIMIZATION_LEVEL = "-Onone";
				TARGETED_DEVICE_FAMILY = "1,2";
			};
			name = Debug;
		};
		FC70B4381D7F7ECC00728E8A /* Release */ = {
			isa = XCBuildConfiguration;
			buildSettings = {
				ALWAYS_SEARCH_USER_PATHS = NO;
				CLANG_ANALYZER_LOCALIZABILITY_NONLOCALIZED = YES;
				CLANG_ANALYZER_NONNULL = YES;
				CLANG_CXX_LANGUAGE_STANDARD = "gnu++0x";
				CLANG_CXX_LIBRARY = "libc++";
				CLANG_ENABLE_MODULES = YES;
				CLANG_ENABLE_OBJC_ARC = YES;
				CLANG_WARN_BOOL_CONVERSION = YES;
				CLANG_WARN_CONSTANT_CONVERSION = YES;
				CLANG_WARN_DIRECT_OBJC_ISA_USAGE = YES_ERROR;
				CLANG_WARN_EMPTY_BODY = YES;
				CLANG_WARN_ENUM_CONVERSION = YES;
				CLANG_WARN_INFINITE_RECURSION = YES;
				CLANG_WARN_INT_CONVERSION = YES;
				CLANG_WARN_OBJC_ROOT_CLASS = YES_ERROR;
				CLANG_WARN_SUSPICIOUS_MOVE = YES;
				CLANG_WARN_UNREACHABLE_CODE = YES;
				CLANG_WARN__DUPLICATE_METHOD_MATCH = YES;
				"CODE_SIGN_IDENTITY[sdk=iphoneos*]" = "iPhone Developer";
				COPY_PHASE_STRIP = NO;
				DEBUG_INFORMATION_FORMAT = "dwarf-with-dsym";
				DEVELOPMENT_TEAM = N5H3628677;
				ENABLE_NS_ASSERTIONS = NO;
				ENABLE_STRICT_OBJC_MSGSEND = YES;
				GCC_C_LANGUAGE_STANDARD = gnu99;
				GCC_NO_COMMON_BLOCKS = YES;
				GCC_WARN_64_TO_32_BIT_CONVERSION = YES;
				GCC_WARN_ABOUT_RETURN_TYPE = YES_ERROR;
				GCC_WARN_UNDECLARED_SELECTOR = YES;
				GCC_WARN_UNINITIALIZED_AUTOS = YES_AGGRESSIVE;
				GCC_WARN_UNUSED_FUNCTION = YES;
				GCC_WARN_UNUSED_VARIABLE = YES;
				IPHONEOS_DEPLOYMENT_TARGET = 10.0;
				MTL_ENABLE_DEBUG_INFO = NO;
				SDKROOT = iphoneos;
				SWIFT_OPTIMIZATION_LEVEL = "-Owholemodule";
				TARGETED_DEVICE_FAMILY = "1,2";
				VALIDATE_PRODUCT = YES;
			};
			name = Release;
		};
		FC70B43A1D7F7ECC00728E8A /* Debug */ = {
			isa = XCBuildConfiguration;
			buildSettings = {
				ASSETCATALOG_COMPILER_APPICON_NAME = AppIcon;
				CLANG_ENABLE_MODULES = YES;
				CODE_SIGN_IDENTITY = "iPhone Developer";
				"CODE_SIGN_IDENTITY[sdk=iphoneos*]" = "iPhone Developer";
				DEVELOPMENT_TEAM = N5H3628677;
				INFOPLIST_FILE = "Uno a Uno/Info.plist";
				IPHONEOS_DEPLOYMENT_TARGET = 10.0;
				LD_RUNPATH_SEARCH_PATHS = "$(inherited) @executable_path/Frameworks";
				PRODUCT_BUNDLE_IDENTIFIER = com.unoauno.unoauno;
				PRODUCT_NAME = "$(TARGET_NAME)";
				PROVISIONING_PROFILE = "";
				SWIFT_OBJC_BRIDGING_HEADER = "Uno a Uno/Uno a Uno-Bridging-Header.h";
				SWIFT_OPTIMIZATION_LEVEL = "-Onone";
				SWIFT_VERSION = 3.0;
				TARGETED_DEVICE_FAMILY = "1,2";
			};
			name = Debug;
		};
		FC70B43B1D7F7ECC00728E8A /* Release */ = {
			isa = XCBuildConfiguration;
			buildSettings = {
				ASSETCATALOG_COMPILER_APPICON_NAME = AppIcon;
				CLANG_ENABLE_MODULES = YES;
				CODE_SIGN_IDENTITY = "iPhone Developer";
				"CODE_SIGN_IDENTITY[sdk=iphoneos*]" = "iPhone Developer";
				DEVELOPMENT_TEAM = N5H3628677;
				INFOPLIST_FILE = "Uno a Uno/Info.plist";
				IPHONEOS_DEPLOYMENT_TARGET = 10.0;
				LD_RUNPATH_SEARCH_PATHS = "$(inherited) @executable_path/Frameworks";
				PRODUCT_BUNDLE_IDENTIFIER = com.unoauno.unoauno;
				PRODUCT_NAME = "$(TARGET_NAME)";
				PROVISIONING_PROFILE = "";
				SWIFT_OBJC_BRIDGING_HEADER = "Uno a Uno/Uno a Uno-Bridging-Header.h";
				SWIFT_VERSION = 3.0;
				TARGETED_DEVICE_FAMILY = "1,2";
			};
			name = Release;
		};
/* End XCBuildConfiguration section */

/* Begin XCConfigurationList section */
		FC70B4221D7F7ECC00728E8A /* Build configuration list for PBXProject "Uno a Uno" */ = {
			isa = XCConfigurationList;
			buildConfigurations = (
				FC70B4371D7F7ECC00728E8A /* Debug */,
				FC70B4381D7F7ECC00728E8A /* Release */,
			);
			defaultConfigurationIsVisible = 0;
			defaultConfigurationName = Release;
		};
		FC70B4391D7F7ECC00728E8A /* Build configuration list for PBXNativeTarget "Uno a Uno" */ = {
			isa = XCConfigurationList;
			buildConfigurations = (
				FC70B43A1D7F7ECC00728E8A /* Debug */,
				FC70B43B1D7F7ECC00728E8A /* Release */,
			);
			defaultConfigurationIsVisible = 0;
			defaultConfigurationName = Release;
		};
/* End XCConfigurationList section */
	};
	rootObject = FC70B41F1D7F7ECC00728E8A /* Project object */;
}
